
Microsoft Visual Studio Solution File, Format Version 12.00
# Visual Studio Version 16
VisualStudioVersion = 16.0.34407.143
MinimumVisualStudioVersion = 10.0.40219.1
Project("{FAE04EC0-301F-11D3-BF4B-00C04F79EFBC}") = "task1", "task1\task1.csproj", "{1A8E1093-FEAC-469F-A3D5-3DC10F3F953A}"
EndProject
Global
	GlobalSection(SolutionConfigurationPlatforms) = preSolution
		Debug|Any CPU = Debug|Any CPU
		Release|Any CPU = Release|Any CPU
	EndGlobalSection
	GlobalSection(ProjectConfigurationPlatforms) = postSolution
		{1A8E1093-FEAC-469F-A3D5-3DC10F3F953A}.Debug|Any CPU.ActiveCfg = Debug|Any CPU
		{1A8E1093-FEAC-469F-A3D5-3DC10F3F953A}.Debug|Any CPU.Build.0 = Debug|Any CPU
		{1A8E1093-FEAC-469F-A3D5-3DC10F3F953A}.Release|Any CPU.ActiveCfg = Release|Any CPU
		{1A8E1093-FEAC-469F-A3D5-3DC10F3F953A}.Release|Any CPU.Build.0 = Release|Any CPU
	EndGlobalSection
	GlobalSection(SolutionProperties) = preSolution
		HideSolutionNode = FALSE
	EndGlobalSection
	GlobalSection(ExtensibilityGlobals) = postSolution
		SolutionGuid = {AB2A7965-9862-4842-A54E-0901494E2186}
	EndGlobalSection
EndGlobal
